
Microsoft Visual Studio Solution File, Format Version 12.00
# Visual Studio Version 17
VisualStudioVersion = 17.14.36310.24 d17.14
MinimumVisualStudioVersion = 10.0.40219.1
Project("{FAE04EC0-301F-11D3-BF4B-00C04F79EFBC}") = "Calculator", "Calculator\Calculator.csproj", "{AC66496D-9C2C-49BC-901E-F9F09E5D4DC5}"
EndProject
Global
	GlobalSection(SolutionConfigurationPlatforms) = preSolution
		Debug|Any CPU = Debug|Any CPU
		Release|Any CPU = Release|Any CPU
	EndGlobalSection
	GlobalSection(ProjectConfigurationPlatforms) = postSolution
		{AC66496D-9C2C-49BC-901E-F9F09E5D4DC5}.Debug|Any CPU.ActiveCfg = Debug|Any CPU
		{AC66496D-9C2C-49BC-901E-F9F09E5D4DC5}.Debug|Any CPU.Build.0 = Debug|Any CPU
		{AC66496D-9C2C-49BC-901E-F9F09E5D4DC5}.Release|Any CPU.ActiveCfg = Release|Any CPU
		{AC66496D-9C2C-49BC-901E-F9F09E5D4DC5}.Release|Any CPU.Build.0 = Release|Any CPU
	EndGlobalSection
	GlobalSection(SolutionProperties) = preSolution
		HideSolutionNode = FALSE
	EndGlobalSection
	GlobalSection(ExtensibilityGlobals) = postSolution
		SolutionGuid = {8086D2C5-E89E-4D9A-BDA2-FCDE7545F293}
	EndGlobalSection
EndGlobal
